
Microsoft Visual Studio Solution File, Format Version 12.00
# Visual Studio Version 17
VisualStudioVersion = 17.10.35004.147
MinimumVisualStudioVersion = 10.0.40219.1
Project("{FAE04EC0-301F-11D3-BF4B-00C04F79EFBC}") = "AntecipacaoRecebiveis.Api", "AntecipacaoRecebiveis.Api\AntecipacaoRecebiveis.Api.csproj", "{2831447B-333F-4721-821E-C3BF93036CF2}"
EndProject
Global
	GlobalSection(SolutionConfigurationPlatforms) = preSolution
		Debug|Any CPU = Debug|Any CPU
		Release|Any CPU = Release|Any CPU
	EndGlobalSection
	GlobalSection(ProjectConfigurationPlatforms) = postSolution
		{2831447B-333F-4721-821E-C3BF93036CF2}.Debug|Any CPU.ActiveCfg = Debug|Any CPU
		{2831447B-333F-4721-821E-C3BF93036CF2}.Debug|Any CPU.Build.0 = Debug|Any CPU
		{2831447B-333F-4721-821E-C3BF93036CF2}.Release|Any CPU.ActiveCfg = Release|Any CPU
		{2831447B-333F-4721-821E-C3BF93036CF2}.Release|Any CPU.Build.0 = Release|Any CPU
	EndGlobalSection
	GlobalSection(SolutionProperties) = preSolution
		HideSolutionNode = FALSE
	EndGlobalSection
	GlobalSection(ExtensibilityGlobals) = postSolution
		SolutionGuid = {EDA55169-6A23-4B54-9078-F930CC199A2B}
	EndGlobalSection
EndGlobal
